
Microsoft Visual Studio Solution File, Format Version 12.00
# Visual Studio Version 17
VisualStudioVersion = 17.3.32819.101
MinimumVisualStudioVersion = 10.0.40219.1
Project("{9A19103F-16F7-4668-BE54-9A1E7A4F7556}") = "quebra-cabeca", "quebra-cabeca.csproj", "{9AEEEB19-3888-4AC7-BAB3-0E45CABC09D2}"
EndProject
Global
	GlobalSection(SolutionConfigurationPlatforms) = preSolution
		Debug|Any CPU = Debug|Any CPU
		Release|Any CPU = Release|Any CPU
	EndGlobalSection
	GlobalSection(ProjectConfigurationPlatforms) = postSolution
		{9AEEEB19-3888-4AC7-BAB3-0E45CABC09D2}.Debug|Any CPU.ActiveCfg = Debug|Any CPU
		{9AEEEB19-3888-4AC7-BAB3-0E45CABC09D2}.Debug|Any CPU.Build.0 = Debug|Any CPU
		{9AEEEB19-3888-4AC7-BAB3-0E45CABC09D2}.Release|Any CPU.ActiveCfg = Release|Any CPU
		{9AEEEB19-3888-4AC7-BAB3-0E45CABC09D2}.Release|Any CPU.Build.0 = Release|Any CPU
	EndGlobalSection
	GlobalSection(SolutionProperties) = preSolution
		HideSolutionNode = FALSE
	EndGlobalSection
	GlobalSection(ExtensibilityGlobals) = postSolution
		SolutionGuid = {BB37D4D4-3C53-4C79-8CA4-8E6DC4C0D87A}
	EndGlobalSection
EndGlobal
