
Microsoft Visual Studio Solution File, Format Version 12.00
# Visual Studio Version 17
VisualStudioVersion = 17.3.32811.315
MinimumVisualStudioVersion = 10.0.40219.1
Project("{FAE04EC0-301F-11D3-BF4B-00C04F79EFBC}") = "quebra-cabeca", "quebra-cabeca.csproj", "{564E2412-5D4B-46FC-B6E8-BA35FBC10BAD}"
EndProject
Global
	GlobalSection(SolutionConfigurationPlatforms) = preSolution
		Debug|Any CPU = Debug|Any CPU
		Release|Any CPU = Release|Any CPU
	EndGlobalSection
	GlobalSection(ProjectConfigurationPlatforms) = postSolution
		{564E2412-5D4B-46FC-B6E8-BA35FBC10BAD}.Debug|Any CPU.ActiveCfg = Debug|Any CPU
		{564E2412-5D4B-46FC-B6E8-BA35FBC10BAD}.Debug|Any CPU.Build.0 = Debug|Any CPU
		{564E2412-5D4B-46FC-B6E8-BA35FBC10BAD}.Release|Any CPU.ActiveCfg = Release|Any CPU
		{564E2412-5D4B-46FC-B6E8-BA35FBC10BAD}.Release|Any CPU.Build.0 = Release|Any CPU
	EndGlobalSection
	GlobalSection(SolutionProperties) = preSolution
		HideSolutionNode = FALSE
	EndGlobalSection
	GlobalSection(ExtensibilityGlobals) = postSolution
		SolutionGuid = {9661932B-6B6C-4B3E-851C-1964B89C792A}
	EndGlobalSection
EndGlobal
